
Microsoft Visual Studio Solution File, Format Version 12.00
# Visual Studio Version 16
VisualStudioVersion = 16.0.32510.428
MinimumVisualStudioVersion = 10.0.40219.1
Project("{9A19103F-16F7-4668-BE54-9A1E7A4F7556}") = "MiddleLayer", "MiddleLayer.csproj", "{EA4448F7-53B1-4F76-9DD7-0B200DE64F84}"
EndProject
Project("{9A19103F-16F7-4668-BE54-9A1E7A4F7556}") = "WinFormCustomer", "..\WinFormCustomer\WinFormCustomer.csproj", "{453F18AE-3C18-41DB-8472-B2F3D21E484E}"
EndProject
Project("{9A19103F-16F7-4668-BE54-9A1E7A4F7556}") = "FactoryCustomer", "..\FactoryCustomer\FactoryCustomer.csproj", "{23FB6030-FAE3-4C82-B921-7AD8ABBD09EC}"
EndProject
Project("{9A19103F-16F7-4668-BE54-9A1E7A4F7556}") = "InterfaceCustomer", "..\..\InterfaceCustomer\InterfaceCustomer.csproj", "{FF7700DE-9A6C-4F0A-A3F7-F6F24CD4DE9A}"
EndProject
Project("{9A19103F-16F7-4668-BE54-9A1E7A4F7556}") = "ValidationAlgorithms", "..\ValidationAlgorithms\ValidationAlgorithms.csproj", "{EE390BBA-0A53-488E-91D5-0ADD3F2152CF}"
EndProject
Project("{9A19103F-16F7-4668-BE54-9A1E7A4F7556}") = "InterfaceDal", "..\InterfaceDal\InterfaceDal.csproj", "{FC31BE96-50D0-4D65-8F45-66968E4058E2}"
EndProject
Project("{9A19103F-16F7-4668-BE54-9A1E7A4F7556}") = "CommonDAL", "..\CommonDAL\CommonDAL.csproj", "{28D14100-83A8-4E69-B9C1-A77B7EF4675F}"
EndProject
Project("{9A19103F-16F7-4668-BE54-9A1E7A4F7556}") = "AdoDotnetDAL", "..\DotDotnetDAL\AdoDotnetDAL.csproj", "{18D8AF14-B99D-4171-8DA8-28C3B4B9E4A2}"
EndProject
Project("{FAE04EC0-301F-11D3-BF4B-00C04F79EFBC}") = "FactoryDAL", "..\FactoryDAL\FactoryDAL.csproj", "{AF150308-0242-42FF-837F-2C61993F3D2A}"
EndProject
Global
	GlobalSection(SolutionConfigurationPlatforms) = preSolution
		Debug|Any CPU = Debug|Any CPU
		Release|Any CPU = Release|Any CPU
	EndGlobalSection
	GlobalSection(ProjectConfigurationPlatforms) = postSolution
		{EA4448F7-53B1-4F76-9DD7-0B200DE64F84}.Debug|Any CPU.ActiveCfg = Debug|Any CPU
		{EA4448F7-53B1-4F76-9DD7-0B200DE64F84}.Debug|Any CPU.Build.0 = Debug|Any CPU
		{EA4448F7-53B1-4F76-9DD7-0B200DE64F84}.Release|Any CPU.ActiveCfg = Release|Any CPU
		{EA4448F7-53B1-4F76-9DD7-0B200DE64F84}.Release|Any CPU.Build.0 = Release|Any CPU
		{453F18AE-3C18-41DB-8472-B2F3D21E484E}.Debug|Any CPU.ActiveCfg = Debug|Any CPU
		{453F18AE-3C18-41DB-8472-B2F3D21E484E}.Debug|Any CPU.Build.0 = Debug|Any CPU
		{453F18AE-3C18-41DB-8472-B2F3D21E484E}.Release|Any CPU.ActiveCfg = Release|Any CPU
		{453F18AE-3C18-41DB-8472-B2F3D21E484E}.Release|Any CPU.Build.0 = Release|Any CPU
		{23FB6030-FAE3-4C82-B921-7AD8ABBD09EC}.Debug|Any CPU.ActiveCfg = Debug|Any CPU
		{23FB6030-FAE3-4C82-B921-7AD8ABBD09EC}.Debug|Any CPU.Build.0 = Debug|Any CPU
		{23FB6030-FAE3-4C82-B921-7AD8ABBD09EC}.Release|Any CPU.ActiveCfg = Release|Any CPU
		{23FB6030-FAE3-4C82-B921-7AD8ABBD09EC}.Release|Any CPU.Build.0 = Release|Any CPU
		{FF7700DE-9A6C-4F0A-A3F7-F6F24CD4DE9A}.Debug|Any CPU.ActiveCfg = Debug|Any CPU
		{FF7700DE-9A6C-4F0A-A3F7-F6F24CD4DE9A}.Debug|Any CPU.Build.0 = Debug|Any CPU
		{FF7700DE-9A6C-4F0A-A3F7-F6F24CD4DE9A}.Release|Any CPU.ActiveCfg = Release|Any CPU
		{FF7700DE-9A6C-4F0A-A3F7-F6F24CD4DE9A}.Release|Any CPU.Build.0 = Release|Any CPU
		{EE390BBA-0A53-488E-91D5-0ADD3F2152CF}.Debug|Any CPU.ActiveCfg = Debug|Any CPU
		{EE390BBA-0A53-488E-91D5-0ADD3F2152CF}.Debug|Any CPU.Build.0 = Debug|Any CPU
		{EE390BBA-0A53-488E-91D5-0ADD3F2152CF}.Release|Any CPU.ActiveCfg = Release|Any CPU
		{EE390BBA-0A53-488E-91D5-0ADD3F2152CF}.Release|Any CPU.Build.0 = Release|Any CPU
		{FC31BE96-50D0-4D65-8F45-66968E4058E2}.Debug|Any CPU.ActiveCfg = Debug|Any CPU
		{FC31BE96-50D0-4D65-8F45-66968E4058E2}.Debug|Any CPU.Build.0 = Debug|Any CPU
		{FC31BE96-50D0-4D65-8F45-66968E4058E2}.Release|Any CPU.ActiveCfg = Release|Any CPU
		{FC31BE96-50D0-4D65-8F45-66968E4058E2}.Release|Any CPU.Build.0 = Release|Any CPU
		{28D14100-83A8-4E69-B9C1-A77B7EF4675F}.Debug|Any CPU.ActiveCfg = Debug|Any CPU
		{28D14100-83A8-4E69-B9C1-A77B7EF4675F}.Debug|Any CPU.Build.0 = Debug|Any CPU
		{28D14100-83A8-4E69-B9C1-A77B7EF4675F}.Release|Any CPU.ActiveCfg = Release|Any CPU
		{28D14100-83A8-4E69-B9C1-A77B7EF4675F}.Release|Any CPU.Build.0 = Release|Any CPU
		{18D8AF14-B99D-4171-8DA8-28C3B4B9E4A2}.Debug|Any CPU.ActiveCfg = Debug|Any CPU
		{18D8AF14-B99D-4171-8DA8-28C3B4B9E4A2}.Debug|Any CPU.Build.0 = Debug|Any CPU
		{18D8AF14-B99D-4171-8DA8-28C3B4B9E4A2}.Release|Any CPU.ActiveCfg = Release|Any CPU
		{18D8AF14-B99D-4171-8DA8-28C3B4B9E4A2}.Release|Any CPU.Build.0 = Release|Any CPU
		{AF150308-0242-42FF-837F-2C61993F3D2A}.Debug|Any CPU.ActiveCfg = Debug|Any CPU
		{AF150308-0242-42FF-837F-2C61993F3D2A}.Debug|Any CPU.Build.0 = Debug|Any CPU
		{AF150308-0242-42FF-837F-2C61993F3D2A}.Release|Any CPU.ActiveCfg = Release|Any CPU
		{AF150308-0242-42FF-837F-2C61993F3D2A}.Release|Any CPU.Build.0 = Release|Any CPU
	EndGlobalSection
	GlobalSection(SolutionProperties) = preSolution
		HideSolutionNode = FALSE
	EndGlobalSection
	GlobalSection(ExtensibilityGlobals) = postSolution
		SolutionGuid = {A474163E-3AD4-42E9-A888-9E43D36B1FB2}
	EndGlobalSection
EndGlobal
